
Microsoft Visual Studio Solution File, Format Version 12.00
# Visual Studio 15
VisualStudioVersion = 15.0.26730.16
MinimumVisualStudioVersion = 10.0.40219.1
Project("{FAE04EC0-301F-11D3-BF4B-00C04F79EFBC}") = "Citrusbyte", "Citrusbyte.csproj", "{454A94CA-BAD7-4432-9892-8CBC613B89B7}"
EndProject
Project("{FAE04EC0-301F-11D3-BF4B-00C04F79EFBC}") = "Citrusbyte.TestUnit", "..\Citrusbyte.TestUnit\Citrusbyte.TestUnit.csproj", "{5761ED11-D2D3-468D-81E8-82CD9FE41268}"
EndProject
Global
	GlobalSection(SolutionConfigurationPlatforms) = preSolution
		Debug|Any CPU = Debug|Any CPU
		Release|Any CPU = Release|Any CPU
	EndGlobalSection
	GlobalSection(ProjectConfigurationPlatforms) = postSolution
		{454A94CA-BAD7-4432-9892-8CBC613B89B7}.Debug|Any CPU.ActiveCfg = Debug|Any CPU
		{454A94CA-BAD7-4432-9892-8CBC613B89B7}.Debug|Any CPU.Build.0 = Debug|Any CPU
		{454A94CA-BAD7-4432-9892-8CBC613B89B7}.Release|Any CPU.ActiveCfg = Release|Any CPU
		{454A94CA-BAD7-4432-9892-8CBC613B89B7}.Release|Any CPU.Build.0 = Release|Any CPU
		{5761ED11-D2D3-468D-81E8-82CD9FE41268}.Debug|Any CPU.ActiveCfg = Debug|Any CPU
		{5761ED11-D2D3-468D-81E8-82CD9FE41268}.Debug|Any CPU.Build.0 = Debug|Any CPU
		{5761ED11-D2D3-468D-81E8-82CD9FE41268}.Release|Any CPU.ActiveCfg = Release|Any CPU
		{5761ED11-D2D3-468D-81E8-82CD9FE41268}.Release|Any CPU.Build.0 = Release|Any CPU
	EndGlobalSection
	GlobalSection(SolutionProperties) = preSolution
		HideSolutionNode = FALSE
	EndGlobalSection
	GlobalSection(ExtensibilityGlobals) = postSolution
		SolutionGuid = {DF4729E6-BD1B-4308-AC84-6E8C5B67B1B9}
	EndGlobalSection
EndGlobal
